
Microsoft Visual Studio Solution File, Format Version 12.00
# Visual Studio 15
VisualStudioVersion = 15.0.27428.2043
MinimumVisualStudioVersion = 10.0.40219.1
Project("{9A19103F-16F7-4668-BE54-9A1E7A4F7556}") = "P03_BarraksWars", "P03_BarraksWars.csproj", "{1A3374D5-EE5E-49E6-96BC-B13C8D5F6355}"
EndProject
Global
	GlobalSection(SolutionConfigurationPlatforms) = preSolution
		Debug|Any CPU = Debug|Any CPU
		Release|Any CPU = Release|Any CPU
	EndGlobalSection
	GlobalSection(ProjectConfigurationPlatforms) = postSolution
		{1A3374D5-EE5E-49E6-96BC-B13C8D5F6355}.Debug|Any CPU.ActiveCfg = Debug|Any CPU
		{1A3374D5-EE5E-49E6-96BC-B13C8D5F6355}.Debug|Any CPU.Build.0 = Debug|Any CPU
		{1A3374D5-EE5E-49E6-96BC-B13C8D5F6355}.Release|Any CPU.ActiveCfg = Release|Any CPU
		{1A3374D5-EE5E-49E6-96BC-B13C8D5F6355}.Release|Any CPU.Build.0 = Release|Any CPU
	EndGlobalSection
	GlobalSection(SolutionProperties) = preSolution
		HideSolutionNode = FALSE
	EndGlobalSection
	GlobalSection(ExtensibilityGlobals) = postSolution
		SolutionGuid = {ACFE6F5E-7EB5-4AD9-9D3C-C3F954D0B5F9}
	EndGlobalSection
EndGlobal
